
Microsoft Visual Studio Solution File, Format Version 12.00
# Visual Studio Version 17
VisualStudioVersion = 17.14.36202.13 d17.14
MinimumVisualStudioVersion = 10.0.40219.1
Project("{FAE04EC0-301F-11D3-BF4B-00C04F79EFBC}") = "WarehouseApp", "WarehouseApp\WarehouseApp.csproj", "{243EE3F7-2E21-4AC4-9D80-C6AB3AC3DFAB}"
EndProject
Global
	GlobalSection(SolutionConfigurationPlatforms) = preSolution
		Debug|Any CPU = Debug|Any CPU
		Release|Any CPU = Release|Any CPU
	EndGlobalSection
	GlobalSection(ProjectConfigurationPlatforms) = postSolution
		{243EE3F7-2E21-4AC4-9D80-C6AB3AC3DFAB}.Debug|Any CPU.ActiveCfg = Debug|Any CPU
		{243EE3F7-2E21-4AC4-9D80-C6AB3AC3DFAB}.Debug|Any CPU.Build.0 = Debug|Any CPU
		{243EE3F7-2E21-4AC4-9D80-C6AB3AC3DFAB}.Release|Any CPU.ActiveCfg = Release|Any CPU
		{243EE3F7-2E21-4AC4-9D80-C6AB3AC3DFAB}.Release|Any CPU.Build.0 = Release|Any CPU
	EndGlobalSection
	GlobalSection(SolutionProperties) = preSolution
		HideSolutionNode = FALSE
	EndGlobalSection
	GlobalSection(ExtensibilityGlobals) = postSolution
		SolutionGuid = {57E5EB7F-8D9E-40D4-9588-DFC7B2D40B1B}
	EndGlobalSection
EndGlobal
